
Microsoft Visual Studio Solution File, Format Version 12.00
# Visual Studio Version 17
VisualStudioVersion = 17.5.33516.290
MinimumVisualStudioVersion = 10.0.40219.1
Project("{FAE04EC0-301F-11D3-BF4B-00C04F79EFBC}") = "FinalProj.Domain", "FinalProj\FinalProj.Domain.csproj", "{3E5CA42B-5FEE-4632-9EAA-EB99884E181E}"
EndProject
Project("{2150E333-8FDC-42A3-9474-1A3956D46DE8}") = "Data", "Data", "{006CE723-FED6-4569-BC92-925597F79711}"
EndProject
Project("{2150E333-8FDC-42A3-9474-1A3956D46DE8}") = "Domain", "Domain", "{306B9F02-89C9-45B4-88F8-7CF88D9EFEC6}"
EndProject
Project("{2150E333-8FDC-42A3-9474-1A3956D46DE8}") = "DAL", "DAL", "{D8D877E5-3B50-4D4E-A481-3FAF94476D93}"
EndProject
Project("{FAE04EC0-301F-11D3-BF4B-00C04F79EFBC}") = "FinalProj.DAL", "FinalProj.DAL\FinalProj.DAL.csproj", "{A55ADE6A-2F43-4919-AABB-4F8CE6F15609}"
EndProject
Global
	GlobalSection(SolutionConfigurationPlatforms) = preSolution
		Debug|Any CPU = Debug|Any CPU
		Release|Any CPU = Release|Any CPU
	EndGlobalSection
	GlobalSection(ProjectConfigurationPlatforms) = postSolution
		{3E5CA42B-5FEE-4632-9EAA-EB99884E181E}.Debug|Any CPU.ActiveCfg = Debug|Any CPU
		{3E5CA42B-5FEE-4632-9EAA-EB99884E181E}.Debug|Any CPU.Build.0 = Debug|Any CPU
		{3E5CA42B-5FEE-4632-9EAA-EB99884E181E}.Release|Any CPU.ActiveCfg = Release|Any CPU
		{3E5CA42B-5FEE-4632-9EAA-EB99884E181E}.Release|Any CPU.Build.0 = Release|Any CPU
		{A55ADE6A-2F43-4919-AABB-4F8CE6F15609}.Debug|Any CPU.ActiveCfg = Debug|Any CPU
		{A55ADE6A-2F43-4919-AABB-4F8CE6F15609}.Debug|Any CPU.Build.0 = Debug|Any CPU
		{A55ADE6A-2F43-4919-AABB-4F8CE6F15609}.Release|Any CPU.ActiveCfg = Release|Any CPU
		{A55ADE6A-2F43-4919-AABB-4F8CE6F15609}.Release|Any CPU.Build.0 = Release|Any CPU
	EndGlobalSection
	GlobalSection(SolutionProperties) = preSolution
		HideSolutionNode = FALSE
	EndGlobalSection
	GlobalSection(NestedProjects) = preSolution
		{3E5CA42B-5FEE-4632-9EAA-EB99884E181E} = {306B9F02-89C9-45B4-88F8-7CF88D9EFEC6}
		{306B9F02-89C9-45B4-88F8-7CF88D9EFEC6} = {006CE723-FED6-4569-BC92-925597F79711}
		{D8D877E5-3B50-4D4E-A481-3FAF94476D93} = {006CE723-FED6-4569-BC92-925597F79711}
		{A55ADE6A-2F43-4919-AABB-4F8CE6F15609} = {D8D877E5-3B50-4D4E-A481-3FAF94476D93}
	EndGlobalSection
	GlobalSection(ExtensibilityGlobals) = postSolution
		SolutionGuid = {4230E147-D7CE-4C24-AE47-65F4945D3316}
	EndGlobalSection
EndGlobal
